{
  "version": "2",
  "remote": {
    "https://deno.land/std@0.164.0/fs/eol.ts": "65b1e27320c3eec6fb653b27e20056ee3d015d3e91db388cfefa41616ebc7cb3",
    "https://esm.sh/v102/@types/lodash-es@4.17.6/add.d.ts": "a78ea60b3818b1d1df76d7c67d59e8207eca9b8f9b1ee48506ea1eabd7ad9d86",
    "https://esm.sh/v102/@types/lodash-es@4.17.6/after.d.ts": "a6890e6516da4708584f758cb44f216dc7ff46a606a656f512a1ec9fc1011edd",
    "https://esm.sh/v102/@types/lodash-es@4.17.6/ary.d.ts": "0d21ebca1425b00a7d4c942074ccd6dfee6c23e0ec72b5defccad494912ffc0f",
    "https://esm.sh/v102/@types/lodash-es@4.17.6/assign.d.ts": "6ed592a786b697f5376bf14810982e077d6fec643dae0de911ef9af32f49adb9",
    "https://esm.sh/v102/@types/lodash-es@4.17.6/assignIn.d.ts": "0244d97181604dd72d1cb7cf786392947a818f1e3811949125f4f3ba5d135c26",
    "https://esm.sh/v102/@types/lodash-es@4.17.6/assignInWith.d.ts": "059c4001e1bb9c58bb8882a2eda2ba8af76ea75f521121fccf45eb8498a718c4",
    "https://esm.sh/v102/@types/lodash-es@4.17.6/assignWith.d.ts": "329f1badf4069286136eea8b2ccdb5d644bbc85830d9657c7e49b8f2c6fbb43e",
    "https://esm.sh/v102/@types/lodash-es@4.17.6/at.d.ts": "923699147906f5c717411448ce7cb3f9d131a13eba4d56db296c32f0db7d783a",
    "https://esm.sh/v102/@types/lodash-es@4.17.6/attempt.d.ts": "2a41db469e3431548b4fdcb14334c07343ba38d1385cbaa8305a89c428ad9291",
    "https://esm.sh/v102/@types/lodash-es@4.17.6/before.d.ts": "2edbff3b4ad6301e67fc89d3cf11ccdae119640df3592ee79aab98df9151036e",
    "https://esm.sh/v102/@types/lodash-es@4.17.6/bind.d.ts": "5ef728ed89eecf5b5befcb0fae11be0225592f5835034151e4f96a0332aeb489",
    "https://esm.sh/v102/@types/lodash-es@4.17.6/bindAll.d.ts": "ba51653dea2932b0a26542cae677e66c886a0858caf89aa38dce591567ffcd4d",
    "https://esm.sh/v102/@types/lodash-es@4.17.6/bindKey.d.ts": "cea7660bbb9fa0a436e17af1b42b11a71204ab6d6b9e7fdff34d0be7d25d8e46",
    "https://esm.sh/v102/@types/lodash-es@4.17.6/camelCase.d.ts": "c42ac73f63ef6b988104ad09fda4b6f5689a255002ce1341d2969da516399130",
    "https://esm.sh/v102/@types/lodash-es@4.17.6/capitalize.d.ts": "29d31da2e626008a49d49ecb356f7a17a7acfa48c87910e5a7e0976a0e05bc58",
    "https://esm.sh/v102/@types/lodash-es@4.17.6/castArray.d.ts": "865f771f165ffd1102d0d8e5b270da303d7e12a75edd1350f52fb725a5d8a50c",
    "https://esm.sh/v102/@types/lodash-es@4.17.6/ceil.d.ts": "24cd28eb3beb4b0f556dda94635daceac19e11e8077a88f463b7bebedb743379",
    "https://esm.sh/v102/@types/lodash-es@4.17.6/chain.d.ts": "f0f6985f02847a898c7632a2826dfae6b1a5b3b53a801b38819a0666a7505eb8",
    "https://esm.sh/v102/@types/lodash-es@4.17.6/chunk.d.ts": "f229c6cb729f5685c6c9609aa13f849509901e0c9604536c6b1778c0f8f2e425",
    "https://esm.sh/v102/@types/lodash-es@4.17.6/clamp.d.ts": "717ec5b81f2db9ef2c2cf65f27f543beba4b3aeaf35de0d4d844ebc8e7b2d077",
    "https://esm.sh/v102/@types/lodash-es@4.17.6/clone.d.ts": "4c7b12932788993e7e55e1014bd57aa2d80d5013c9ced124b2eea26a69d3866f",
    "https://esm.sh/v102/@types/lodash-es@4.17.6/cloneDeep.d.ts": "93dc418bc42510c31cd458901582787138f661a2015cfa57dc22f1396e0f2eca",
    "https://esm.sh/v102/@types/lodash-es@4.17.6/cloneDeepWith.d.ts": "f1c351046c92a928c6d22fa037b0c8bbcb5b82e6c94b5c77aa95e4c2f8f242e9",
    "https://esm.sh/v102/@types/lodash-es@4.17.6/cloneWith.d.ts": "0169513f0b7b1d55247a57c5575e492b4bee35417529ce82bb29343d30cb2eac",
    "https://esm.sh/v102/@types/lodash-es@4.17.6/compact.d.ts": "9113d98ecada88a03a2856f43a4a8190e0f11ec1c7efd25b21734a4b94b193aa",
    "https://esm.sh/v102/@types/lodash-es@4.17.6/concat.d.ts": "20a60f66fc6c533d593b073044e11621d327bba2fd5e94f0932b1f97b31bcbc7",
    "https://esm.sh/v102/@types/lodash-es@4.17.6/cond.d.ts": "f9f457a7db2b8a33da07034b789d97068b4a2c773676fb164a2f96f7f0d307d2",
    "https://esm.sh/v102/@types/lodash-es@4.17.6/conforms.d.ts": "43bd732a334042afd0856200fd6d865067cd411395a2b32a23873d1f98e0e1b2",
    "https://esm.sh/v102/@types/lodash-es@4.17.6/conformsTo.d.ts": "538345a6b377621377dbe34e14e7e3ea7e6658ddc6cd704819b9bf1d27a62413",
    "https://esm.sh/v102/@types/lodash-es@4.17.6/constant.d.ts": "8eb350a98bee4ad571ce8e5ed56cf2b39248bd2d17371e885a7569d6397d2eeb",
    "https://esm.sh/v102/@types/lodash-es@4.17.6/countBy.d.ts": "fb759dcb3ada271ffafb299c294dcf97bf7814f1717445ed8ca588532877cc8f",
    "https://esm.sh/v102/@types/lodash-es@4.17.6/create.d.ts": "2bf4cd8dcc3060b84d1a62037faf9733add33bc97fdd2059cbe947ac2a244d7a",
    "https://esm.sh/v102/@types/lodash-es@4.17.6/curry.d.ts": "86391f40e00b228b731203590a81eba8c9953d2b852d52c32dc3540be984ff93",
    "https://esm.sh/v102/@types/lodash-es@4.17.6/curryRight.d.ts": "b0f4696e97f55d305e5ef9e1d1e5944d2f444051f2c5020931bd0969fb1e5eea",
    "https://esm.sh/v102/@types/lodash-es@4.17.6/debounce.d.ts": "c091fabb39abf0f24fb74abf1a7380f5c6a9cadb21369365a10241889c918efa",
    "https://esm.sh/v102/@types/lodash-es@4.17.6/deburr.d.ts": "c166bc588a13ed9574d25854da60ca3131da1986df06b8a50138e100e7a64af5",
    "https://esm.sh/v102/@types/lodash-es@4.17.6/defaultTo.d.ts": "dfd0af3954ab2d85dde238f64d3fb75e93f9d025e3e4280bb5c41d8869f29022",
    "https://esm.sh/v102/@types/lodash-es@4.17.6/defaults.d.ts": "b1e5581672e84a286d16f7b8461e56f661ac442f81e5053631bcaf171ddf668a",
    "https://esm.sh/v102/@types/lodash-es@4.17.6/defaultsDeep.d.ts": "6162fedb9ffb2238ca7c883b042da343c1f33fc21edcbd228d7a5852ffccb990",
    "https://esm.sh/v102/@types/lodash-es@4.17.6/defer.d.ts": "36adde8e1be64dc34e748cf8cab57e1e514d74fe33c04c093a3b0bb6e7469791",
    "https://esm.sh/v102/@types/lodash-es@4.17.6/delay.d.ts": "dcd006135e6491264d4730a24632320ffd5dd9ae71ef962f271fa01ca16cf9c7",
    "https://esm.sh/v102/@types/lodash-es@4.17.6/difference.d.ts": "e7f8ab6705f8273f55d247b257dece832dbf88f109336a745a703f797c3d7225",
    "https://esm.sh/v102/@types/lodash-es@4.17.6/differenceBy.d.ts": "e4e2fa7ef45e246e80ded7d787fcb0f2a21ecb442e446d1f012b32afbcf6abb6",
    "https://esm.sh/v102/@types/lodash-es@4.17.6/differenceWith.d.ts": "f9fe0c5ef332c7de427ed9ecc542fe98885be88cebee93512c5634f438e804a2",
    "https://esm.sh/v102/@types/lodash-es@4.17.6/divide.d.ts": "c163d93a5c3ebececcffb3f6482c070ba060700e18b8d744a080d9dae30563bf",
    "https://esm.sh/v102/@types/lodash-es@4.17.6/drop.d.ts": "a61706984cd071df9196b0f6fa5bfeb90b74a349643c0bb021459ebdbe09d088",
    "https://esm.sh/v102/@types/lodash-es@4.17.6/dropRight.d.ts": "eace583b24898363aae4571ea6ab8efd203648a17696fe9c2db7d90ec8e5dfc9",
    "https://esm.sh/v102/@types/lodash-es@4.17.6/dropRightWhile.d.ts": "bdd26d4c33622057591c32bc2999eac39a641cfa7cc9df9010e474fe9308c6c4",
    "https://esm.sh/v102/@types/lodash-es@4.17.6/dropWhile.d.ts": "6491287779a4f0d14272167d851b58aef67981257e2a17fa15fbb6354812d033",
    "https://esm.sh/v102/@types/lodash-es@4.17.6/each.d.ts": "e1330f1d4b881d013a6aad6d4feabbdf335f4103f6637bc7d395878f17453a6b",
    "https://esm.sh/v102/@types/lodash-es@4.17.6/eachRight.d.ts": "09fcdae4d48cab94d1ad73a84be51fb2d3993006f1d927eacdcdcd24e25ff14c",
    "https://esm.sh/v102/@types/lodash-es@4.17.6/endsWith.d.ts": "18f1e0dcbcb17b68563b3bd8b006b18c48768996d0829cb26179771290afd773",
    "https://esm.sh/v102/@types/lodash-es@4.17.6/entries.d.ts": "1232bfbf8f7e127e1f3ca6e76640a670dc5992aeb383519ebf2d929a85b6fab1",
    "https://esm.sh/v102/@types/lodash-es@4.17.6/entriesIn.d.ts": "d022bae4e5429e86f48e36c16a3015404ee1719b4edec7f47729d288e7a01187",
    "https://esm.sh/v102/@types/lodash-es@4.17.6/eq.d.ts": "5c069dd1e81620c0745c08e798e4abbbf8f038d65eeff74e5ef9cf33cd06a8e5",
    "https://esm.sh/v102/@types/lodash-es@4.17.6/escape.d.ts": "4387fd2243b370747c5167f32d4551b73f37db92bfeb413209ff7b914b3314c3",
    "https://esm.sh/v102/@types/lodash-es@4.17.6/escapeRegExp.d.ts": "8a8095aba58e26545080c517e3d396f1c075b4002cc614c6ee1ba8e40b67d4e6",
    "https://esm.sh/v102/@types/lodash-es@4.17.6/every.d.ts": "adb96e4e5b40d9170f81538dffd1ce1c590d5ca74e1c422bda4e30c66baa9b30",
    "https://esm.sh/v102/@types/lodash-es@4.17.6/extend.d.ts": "f847105032b96a2a9520429cc450dab7a0e638965170d09b42989e7ef121c052",
    "https://esm.sh/v102/@types/lodash-es@4.17.6/extendWith.d.ts": "bfca134cb42ed49fbe5490ab2b59c1a610c3f5ac074310e402a34265db8b6298",
    "https://esm.sh/v102/@types/lodash-es@4.17.6/fill.d.ts": "6a08f844d00a094f8f7b0c6f8a92b74d307242a431ae9c54da32b2190a2d77a1",
    "https://esm.sh/v102/@types/lodash-es@4.17.6/filter.d.ts": "fbb38c73eb1c77db9db8f51af47fb5622f9b742a3c3e267276c0c42247cea76a",
    "https://esm.sh/v102/@types/lodash-es@4.17.6/find.d.ts": "1f39f6649528f7896eb7de195ad77a063bab4b53bae9b4dcd33a93fabcec460e",
    "https://esm.sh/v102/@types/lodash-es@4.17.6/findIndex.d.ts": "909f5e01c8146063ff7e78c5d1b0bd710f5f8bd7eaa9d384a3695089bd1849f5",
    "https://esm.sh/v102/@types/lodash-es@4.17.6/findKey.d.ts": "28155bdc721953c221db2e60e7317ef2070504f702d9ca72adf6e18264d9c0ac",
    "https://esm.sh/v102/@types/lodash-es@4.17.6/findLast.d.ts": "e66d249b38c28a8741886fbe62ce7fee01bee6637e22c13b9b15f658c8fd6c3c",
    "https://esm.sh/v102/@types/lodash-es@4.17.6/findLastIndex.d.ts": "47c75953a1dc2a8de896c155c80fa418a3dc35025ba47bd09887d911d2620921",
    "https://esm.sh/v102/@types/lodash-es@4.17.6/findLastKey.d.ts": "894239a2c0d4dfd70b34f53db5196264004287d9a58225aad77328766fd8a14c",
    "https://esm.sh/v102/@types/lodash-es@4.17.6/first.d.ts": "0d8f30bc108e34a0c71af4548fbf06e6bde550e3bdc154d7ab6b9e581dd90c3f",
    "https://esm.sh/v102/@types/lodash-es@4.17.6/flatMap.d.ts": "fbdb4f10f508a5216fb1314b6e884e2586a862f9fc6a9f58d2d38adb6dfea708",
    "https://esm.sh/v102/@types/lodash-es@4.17.6/flatMapDeep.d.ts": "863aafcaf2ef0d74ce58747f4fcb9045be889416e666f3d40168c01b19cec4ec",
    "https://esm.sh/v102/@types/lodash-es@4.17.6/flatMapDepth.d.ts": "6913d243e9b6a351844e1e9afaca1731a3d49d7ceac4c54ea7bdefd868e791a6",
    "https://esm.sh/v102/@types/lodash-es@4.17.6/flatten.d.ts": "99dc096a5a64c9d98d7b74ab5f6df492db34adc8034c017c53f0f3a61eecdddc",
    "https://esm.sh/v102/@types/lodash-es@4.17.6/flattenDeep.d.ts": "acedc9c23b4753e1f65fc4c2bb653e725ea81535adb6e586d193857a0aca902a",
    "https://esm.sh/v102/@types/lodash-es@4.17.6/flattenDepth.d.ts": "ef7e92b0ec2673741c0c3a2230720e848dc5ac4088ef0d70517cbc343368ff3a",
    "https://esm.sh/v102/@types/lodash-es@4.17.6/flip.d.ts": "faaf14d766eb2ce40a4f10878473ad1ed674b8a98632db09123ff0c9170b4908",
    "https://esm.sh/v102/@types/lodash-es@4.17.6/floor.d.ts": "d3e9fbeb6eb85b5bb37fefc120ca87db438e8a35e867c0639a9d7ffff8d33770",
    "https://esm.sh/v102/@types/lodash-es@4.17.6/flow.d.ts": "feb2353c4986efd37fbdb6fb67dc2b82632c7a871784600ff8d8325dbe002599",
    "https://esm.sh/v102/@types/lodash-es@4.17.6/flowRight.d.ts": "155e761453f53f4cf031741286003c39b60173327845819fac8b3b765e4b5698",
    "https://esm.sh/v102/@types/lodash-es@4.17.6/forEach.d.ts": "db4f482736fffa7b84ca0b53a5119886ffc9cbed37d55956525bcf235cc91d74",
    "https://esm.sh/v102/@types/lodash-es@4.17.6/forEachRight.d.ts": "6998dbbd361b12f9729fbd36be1779a2cd3b0388db6b10d8d80744f735fdc3be",
    "https://esm.sh/v102/@types/lodash-es@4.17.6/forIn.d.ts": "c1d215479b89f50c885c7cac3f3220e04979627ef5f71b6c353c94f0fe1ca0ec",
    "https://esm.sh/v102/@types/lodash-es@4.17.6/forInRight.d.ts": "603ec19253e72eac2b40cd113a2ce25348269e6970daa1e9c4404ab0fd8ca026",
    "https://esm.sh/v102/@types/lodash-es@4.17.6/forOwn.d.ts": "0dc7107a6d5fda5c005a58c2b34288cec6de9a2057a0068e7edbfd35fdc3afe8",
    "https://esm.sh/v102/@types/lodash-es@4.17.6/forOwnRight.d.ts": "f2defa3352a87f5ebc74ac3e6864011e44a297d1f3683686eff229a0f5db3d75",
    "https://esm.sh/v102/@types/lodash-es@4.17.6/fromPairs.d.ts": "1f35e930249b3311ce77e21b9b5dc80c98cdb4389b66b5ff428492bd4eaf720e",
    "https://esm.sh/v102/@types/lodash-es@4.17.6/functions.d.ts": "1d190cfbbe28fe47de280ee7fa2ac2e044026999e144cb5f364a7d552af74962",
    "https://esm.sh/v102/@types/lodash-es@4.17.6/functionsIn.d.ts": "1dd075b0a16975a815a8871df4ee9fdefc6e9ef4092b917be1b219e3051eed84",
    "https://esm.sh/v102/@types/lodash-es@4.17.6/get.d.ts": "e6c1bbafe3787aafe0351a7783e9351b4df08cc395acc4761d6fdbb3acb612fc",
    "https://esm.sh/v102/@types/lodash-es@4.17.6/groupBy.d.ts": "bc28bc8e3775b2947e5ca09d443aff6e2eedc5ab6dc1115a0fced254e3ce532c",
    "https://esm.sh/v102/@types/lodash-es@4.17.6/gt.d.ts": "7f3b8801b576cd26f5c6e21d65d22393eab3e2a846fac5368191677ea5915f7c",
    "https://esm.sh/v102/@types/lodash-es@4.17.6/gte.d.ts": "01f2981a0c892256a7caea4d325a4c014dd4db733c9d83fae94e5fa3df790efe",
    "https://esm.sh/v102/@types/lodash-es@4.17.6/has.d.ts": "ef549e581cf0ab8ede2e0c79ac81633f174f054a56e2259f0521b42878d892d2",
    "https://esm.sh/v102/@types/lodash-es@4.17.6/hasIn.d.ts": "fd4d9ef9d3c1fae2b41c11915fac5c45aaf332e9dc2e26a1d40e3a923ff73135",
    "https://esm.sh/v102/@types/lodash-es@4.17.6/head.d.ts": "81d738e5e7e06b77f9a78786bee4a5f7085a59997f85d1d496daff4f1f8b00ce",
    "https://esm.sh/v102/@types/lodash-es@4.17.6/identity.d.ts": "d687dc1cc3aaab33240d335e18e2089f94bfd7f2f6fc04c4f550c4a99f5eb7fc",
    "https://esm.sh/v102/@types/lodash-es@4.17.6/inRange.d.ts": "bce5d37ecea2ee444bc2d95c12462259d759f16a773b4df507844592c1173643",
    "https://esm.sh/v102/@types/lodash-es@4.17.6/includes.d.ts": "b3d52f3df2c590dd77eaf17081188ad49d83a5412f33e5047829c522646589e7",
    "https://esm.sh/v102/@types/lodash-es@4.17.6/index.d.ts": "5cb8f715a2768fdc00500e4a5d9cb8f11e5da819ea56d9ba19e086be0504fad2",
    "https://esm.sh/v102/@types/lodash-es@4.17.6/indexOf.d.ts": "68b33089292e88f2138e1d18e09ba0606f92555f9ea3742bcc856999db08e4bb",
    "https://esm.sh/v102/@types/lodash-es@4.17.6/initial.d.ts": "b863eca30b13fbc7ab18896e1de189d69ecd5cee0dbff6fc8cc1e4ccfb61a9f0",
    "https://esm.sh/v102/@types/lodash-es@4.17.6/intersection.d.ts": "687ace3d08953a6bdddd7d26e5a99a045d5f84e2b6531feeb91e0a60864ede6b",
    "https://esm.sh/v102/@types/lodash-es@4.17.6/intersectionBy.d.ts": "6593ddf40ddc9a9519d53d30df2f986762b8493a98618e4d3d7c1ca2530b0630",
    "https://esm.sh/v102/@types/lodash-es@4.17.6/intersectionWith.d.ts": "89607b2b3aad26086eef320dcb221f0589a04ebc96f3ea206fea51350f243ad2",
    "https://esm.sh/v102/@types/lodash-es@4.17.6/invert.d.ts": "3bca4a3b779b085672b43ea2ba4f90710bbe23004528f7773f485dbdabb95697",
    "https://esm.sh/v102/@types/lodash-es@4.17.6/invertBy.d.ts": "6acbd00fd71197c764e4c2d397c10c851888983eec719d2ad70029db1cc72cf5",
    "https://esm.sh/v102/@types/lodash-es@4.17.6/invoke.d.ts": "a762f03dfee0ea6dcc984d5d973a3292db6f29a6cf8afe7cc71795cc3829f5a9",
    "https://esm.sh/v102/@types/lodash-es@4.17.6/invokeMap.d.ts": "3a7b3d13d14f3f6b492f6966ab39a804775af3baa29ca7b3260a6b5dbfc6f700",
    "https://esm.sh/v102/@types/lodash-es@4.17.6/isArguments.d.ts": "f2a4dc1ff4278e243f0bd00066f4ddac229e2f4654adf5666e8655b7117ab76c",
    "https://esm.sh/v102/@types/lodash-es@4.17.6/isArray.d.ts": "47a2cba5d0f54aea92f77dc1279bdbbf984ce2ef300eb8dd913ff57e9a7567bd",
    "https://esm.sh/v102/@types/lodash-es@4.17.6/isArrayBuffer.d.ts": "21cdf32ba23f1a975c3f5dbc944fb4a7a0e0f892ab976914a46558806b5d467d",
    "https://esm.sh/v102/@types/lodash-es@4.17.6/isArrayLike.d.ts": "869304896d55f6313bb40749906a8365d3047ac71e32295404bb9fa18ba1b5e2",
    "https://esm.sh/v102/@types/lodash-es@4.17.6/isArrayLikeObject.d.ts": "d9c9186e26e3b3c03758d09bad51f7f95dd433f0056eea98bd84f0bc83174349",
    "https://esm.sh/v102/@types/lodash-es@4.17.6/isBoolean.d.ts": "3009d4866915c2c744c605185d247c4b7858580aa58b4c32edc288d317e92eaa",
    "https://esm.sh/v102/@types/lodash-es@4.17.6/isBuffer.d.ts": "67f5e4aaa8bd8429a0ff8244da43f2e3442e3b77ceafd7ca2d9ff63dd8ae34b0",
    "https://esm.sh/v102/@types/lodash-es@4.17.6/isDate.d.ts": "ac620c0457fbcc1f33ba3b82b78dca208d8bd340d77bb3b7d9330136b405ed70",
    "https://esm.sh/v102/@types/lodash-es@4.17.6/isElement.d.ts": "d4782191b077358656ea643ab6d96a7a9a8877ac26a1e2174d64e83c502de9ae",
    "https://esm.sh/v102/@types/lodash-es@4.17.6/isEmpty.d.ts": "45d3a7ea2f827df2a1e6dfa3f420bd9f1f95c50bf14018a0e69985b348687e0a",
    "https://esm.sh/v102/@types/lodash-es@4.17.6/isEqual.d.ts": "34af5c38b3a2e7f3175e084efaea6e7fc0944e25cfadcb12bbc5285b0b38c8a7",
    "https://esm.sh/v102/@types/lodash-es@4.17.6/isEqualWith.d.ts": "b9c1e9403a9800f25834252e9c40403d23b38ca80af6eaf324babe88d0c0ae07",
    "https://esm.sh/v102/@types/lodash-es@4.17.6/isError.d.ts": "df0a27c74da533a558fc6fb798b6cd99aaaf0a085e1667d334c26f7b9116d9d1",
    "https://esm.sh/v102/@types/lodash-es@4.17.6/isFinite.d.ts": "325501a646030cf2f167a08ba4d10a9d9d10eca303c8e8fc3267398d0a48add3",
    "https://esm.sh/v102/@types/lodash-es@4.17.6/isFunction.d.ts": "04e8f4ae1fb4a3770fd12a9a93ce3406587d9b597c546f2a3db4b3d9d9ca91cf",
    "https://esm.sh/v102/@types/lodash-es@4.17.6/isInteger.d.ts": "704105b88ec8155229240c814959ac2a637554b6fe9bbc1139b0d1ab2b92cbb3",
    "https://esm.sh/v102/@types/lodash-es@4.17.6/isLength.d.ts": "88fae8aefef3679a88e271a1cbab5488f0189c45b51c31f06a0dbda095361f59",
    "https://esm.sh/v102/@types/lodash-es@4.17.6/isMap.d.ts": "c8d16cc5d1736ee178e6204ea754dae034d2531349932e7139ed534e98e292e1",
    "https://esm.sh/v102/@types/lodash-es@4.17.6/isMatch.d.ts": "4db60bc71ede693b321449e81995f00a55bfc96648d6f444bde1da20016f3155",
    "https://esm.sh/v102/@types/lodash-es@4.17.6/isMatchWith.d.ts": "7f3b7fbbf3008275ad4758fe64171f115c4565d526a55fdac74817a718d555af",
    "https://esm.sh/v102/@types/lodash-es@4.17.6/isNaN.d.ts": "5e27f8dc1fe1331b07e5b52801db37f3c659c4ed487772e41f8be8a43deb02b5",
    "https://esm.sh/v102/@types/lodash-es@4.17.6/isNative.d.ts": "53c3291d59bb819f184fb2ccb942e3b2edd832921e72c0472431ae9d99e1e176",
    "https://esm.sh/v102/@types/lodash-es@4.17.6/isNil.d.ts": "fcc261093e15727d0e7f5d29c4c27fe6aa62187037a6999acdcc180ee32c7ee8",
    "https://esm.sh/v102/@types/lodash-es@4.17.6/isNull.d.ts": "3d691c5dbbfa70c6286e7d04ab5ade9f59d816122c1cde132334915cbfdce436",
    "https://esm.sh/v102/@types/lodash-es@4.17.6/isNumber.d.ts": "94350dd93a190a7b4483d779b39a227859855f5010e2918cc8ae181d003c072b",
    "https://esm.sh/v102/@types/lodash-es@4.17.6/isObject.d.ts": "7fbe4929a15a2d5d2377ecc808aff2789759aeb574271599f8de8c5c7b0d430a",
    "https://esm.sh/v102/@types/lodash-es@4.17.6/isObjectLike.d.ts": "03affa93a04627b2658dc11d8bd3fd35ade5295315e8f387ed3661bfaa40694b",
    "https://esm.sh/v102/@types/lodash-es@4.17.6/isPlainObject.d.ts": "892c87f64d9e97d4dd54fb9bcc248d311a9f049fbd18fd148d7597b9d5a0640e",
    "https://esm.sh/v102/@types/lodash-es@4.17.6/isRegExp.d.ts": "4e8edbcac7f68841a5827545393e35b8a85f29acdbb7de89e6c54d743af252c8",
    "https://esm.sh/v102/@types/lodash-es@4.17.6/isSafeInteger.d.ts": "ed96763c6faed11afc87e0b5c20a99c2f52bb3e6418dc6903c570d401266aefa",
    "https://esm.sh/v102/@types/lodash-es@4.17.6/isSet.d.ts": "8607b9305a6c10d9efbc30ffbe5be672a4e4f44e819644c593665d5aacb44eb9",
    "https://esm.sh/v102/@types/lodash-es@4.17.6/isString.d.ts": "db26e07bd89f59e5c8d9eeb1400faa04cf2e10c5c107dc6c3bfcc96f222e5857",
    "https://esm.sh/v102/@types/lodash-es@4.17.6/isSymbol.d.ts": "700a93b02f817f2582338e61a83e4586d63155bb22da582b693e48816b7d4d50",
    "https://esm.sh/v102/@types/lodash-es@4.17.6/isTypedArray.d.ts": "e215253465dfee4abd86e149a5861bb00da8b6f56ff49e78e57fc95148678c4a",
    "https://esm.sh/v102/@types/lodash-es@4.17.6/isUndefined.d.ts": "39e782eb9295ac47ac27e62a63b45c601bfebf90f9d1213e46a54063abcf9edf",
    "https://esm.sh/v102/@types/lodash-es@4.17.6/isWeakMap.d.ts": "cec064c1e7f3cbb53876d6cf47fa88dc1d095e50da890086192c494bd829e5dc",
    "https://esm.sh/v102/@types/lodash-es@4.17.6/isWeakSet.d.ts": "015ca936d6339ad24843b96850e8e7c65df17b0849998e6997b93d615ea8cbda",
    "https://esm.sh/v102/@types/lodash-es@4.17.6/iteratee.d.ts": "ff5aef01e6b8122921d422ca2891aed938a13c1d7a3e19cb2a99e364bb821e3f",
    "https://esm.sh/v102/@types/lodash-es@4.17.6/join.d.ts": "d2b30004ec3f2263a28d76d8cb9b06a65fd73a6f3de940250b851a1685525b68",
    "https://esm.sh/v102/@types/lodash-es@4.17.6/kebabCase.d.ts": "831bc5fcb82de34a079d960c2f6b713d29ef429e64f08f3800e0c106249ec896",
    "https://esm.sh/v102/@types/lodash-es@4.17.6/keyBy.d.ts": "7b4c29a73bf1b74535f0df5336c1a31217a3455c8555bb6c9cb22956c09d6ad9",
    "https://esm.sh/v102/@types/lodash-es@4.17.6/keys.d.ts": "1620dd744738464c2fdd27102e14edd7df82b82d9abffdc35a6388c738ec017a",
    "https://esm.sh/v102/@types/lodash-es@4.17.6/keysIn.d.ts": "158d43f436f6f3ad86d9079a06b97d9e32a08ac4c81afb8b6ab3fd5bdcc578c4",
    "https://esm.sh/v102/@types/lodash-es@4.17.6/last.d.ts": "6b223da7a44a986b9cc7cb252c0d2b0318df0cbb4539e2add6a903be34befa9b",
    "https://esm.sh/v102/@types/lodash-es@4.17.6/lastIndexOf.d.ts": "4e7ecb394885c66ceec7f55bbd5cb6849100021a8c65dba6b84b561776387cf9",
    "https://esm.sh/v102/@types/lodash-es@4.17.6/lowerCase.d.ts": "54be6072f1c189b446651a10c11719af3b68777b85198ab0164cdbffcd4bacfa",
    "https://esm.sh/v102/@types/lodash-es@4.17.6/lowerFirst.d.ts": "535a4c42833c46e84d0375f0ce10f7ec6345c5efd5266e6c418a46acde69cf41",
    "https://esm.sh/v102/@types/lodash-es@4.17.6/lt.d.ts": "b05cabd0b2e599445aa3ee9963ef2895432075f1e2355c23350986d47b635d49",
    "https://esm.sh/v102/@types/lodash-es@4.17.6/lte.d.ts": "55f8b693e6b42d6eb6b8f68c55ee6c07c8cb0fb44d3cfde975e8b72885a28b4c",
    "https://esm.sh/v102/@types/lodash-es@4.17.6/map.d.ts": "5aae7652aaff67a30cde2b3bceb8804ac4493fca9d8fcd9cbe4ed080c109db69",
    "https://esm.sh/v102/@types/lodash-es@4.17.6/mapKeys.d.ts": "417cc3c29c33ab2de7531200c9f77ef3a2077c747cedf9c1966b77c91550773c",
    "https://esm.sh/v102/@types/lodash-es@4.17.6/mapValues.d.ts": "c1a3f1920a66fe60082a1d7801b2ff1309f3adc4de44a4acb7dc0eec573cbc09",
    "https://esm.sh/v102/@types/lodash-es@4.17.6/matches.d.ts": "b4f73f319bdd4e4478f9c475e6bb43144ee65470939f0db26b90a97cb58cbbe9",
    "https://esm.sh/v102/@types/lodash-es@4.17.6/matchesProperty.d.ts": "e48ef73597f589cee38b59a3adaed3c11f83a29a5c43e372abd3b519e20aa517",
    "https://esm.sh/v102/@types/lodash-es@4.17.6/max.d.ts": "f4935956647011f1eec791b127ea8d1b678781557c3f1dd05c1ae7d4676c5294",
    "https://esm.sh/v102/@types/lodash-es@4.17.6/maxBy.d.ts": "fc4b8cecaa4abaea850abf7603e573819ef66f75ce5a12cb12fc7a3ec804ca7c",
    "https://esm.sh/v102/@types/lodash-es@4.17.6/mean.d.ts": "a4cfe99705bbbc902b7ee0ccd823954ab5ce4e97ac0b0e630f586840ff6bbbe6",
    "https://esm.sh/v102/@types/lodash-es@4.17.6/meanBy.d.ts": "6b03328f909c39ed4c0fff079fde7a0483d10debc0de8833ba7ffe9f21a34f2b",
    "https://esm.sh/v102/@types/lodash-es@4.17.6/memoize.d.ts": "a5b6860fbacb687f7c21bcd13d4ff951ed03ed62ebeede1573e175148da59077",
    "https://esm.sh/v102/@types/lodash-es@4.17.6/merge.d.ts": "abb414c5d9cfe27615dbbd630ca2ec998f8ac37d78e14fb7532d3e4650215689",
    "https://esm.sh/v102/@types/lodash-es@4.17.6/mergeWith.d.ts": "1b9e5ea26d52b8aab338506ddd9fd21051976b85b74ddf6a60b8e2fbbf841733",
    "https://esm.sh/v102/@types/lodash-es@4.17.6/method.d.ts": "5259bc0230fd8675190598bc4a3ef1946c87347132694df4f24e51f79a015a47",
    "https://esm.sh/v102/@types/lodash-es@4.17.6/methodOf.d.ts": "296ad17af17c7e01da963ef93249e9cd8ba1d36dda4c8aaaa5efab4a4228f2a1",
    "https://esm.sh/v102/@types/lodash-es@4.17.6/min.d.ts": "74ba04a98c439fda3aef049cecc368b92a91854943732a9257dcdf6b338aff28",
    "https://esm.sh/v102/@types/lodash-es@4.17.6/minBy.d.ts": "ccdc5572cc32b51cb8735941dff66186a66e101820a16c601901ab3b2ab8769e",
    "https://esm.sh/v102/@types/lodash-es@4.17.6/mixin.d.ts": "0179ed809f5b73625c45732e0d753037d6bdfcc3aa1d0d6fa08c2131f56e1b70",
    "https://esm.sh/v102/@types/lodash-es@4.17.6/multiply.d.ts": "d7de94a00827c7823e374fc481bf1ec4b905bfe3dcb5542267a4ddbc1f7a7fae",
    "https://esm.sh/v102/@types/lodash-es@4.17.6/negate.d.ts": "faea489834977f2fc1867ef9a7d410d8f3eddc889416c9982b9abb8784df8f4d",
    "https://esm.sh/v102/@types/lodash-es@4.17.6/noop.d.ts": "7668119e5cdb204178c0f8dea87d505b6d068b3ec46fac90837b2d5022269f56",
    "https://esm.sh/v102/@types/lodash-es@4.17.6/now.d.ts": "a49575474382e2cc3ffff235fb393686b1661fe6f707f284ec597417042f7566",
    "https://esm.sh/v102/@types/lodash-es@4.17.6/nth.d.ts": "f1d33ae97ad4c8c72d0cdd51e9358a2e20adbddb3df58968e68bd8b9a58b3bab",
    "https://esm.sh/v102/@types/lodash-es@4.17.6/nthArg.d.ts": "a8254f0d22f1e9abf8769a118325a75af18f896f5bb6e21506eb79adc84969ce",
    "https://esm.sh/v102/@types/lodash-es@4.17.6/omit.d.ts": "86f47c3ea9c22db03742ea2f8233b15be1faedc19f19235567f5e8b8b6d6b838",
    "https://esm.sh/v102/@types/lodash-es@4.17.6/omitBy.d.ts": "7a5738e590f4fbcabfdfc6943be00a099109bfc616c98c35b0e3c91e688de07f",
    "https://esm.sh/v102/@types/lodash-es@4.17.6/once.d.ts": "b404418f4e18b9e470daa09288740250d35d10308fd08ee2d8e3dfb30a18bb1f",
    "https://esm.sh/v102/@types/lodash-es@4.17.6/orderBy.d.ts": "41351ac8e0c08ba014035c10891000cfa450d59d103a3387b737d75fd9dbd639",
    "https://esm.sh/v102/@types/lodash-es@4.17.6/over.d.ts": "da311095b608106252572436b8b182cba213d51f5bd54b58c08445aaac82b3ec",
    "https://esm.sh/v102/@types/lodash-es@4.17.6/overArgs.d.ts": "aea6f343d885e5a1139ca47144158f6513e1d36bdcffc1f5bb0eaa1e6b3d0577",
    "https://esm.sh/v102/@types/lodash-es@4.17.6/overEvery.d.ts": "daad6b24a1352fcc605a0dc62e9a396c6d1e34fe24f5e811b8527790874eb1da",
    "https://esm.sh/v102/@types/lodash-es@4.17.6/overSome.d.ts": "4e6131246610bc3643551dde736c82bc8844acace53b3a32bbd144d41c8c9561",
    "https://esm.sh/v102/@types/lodash-es@4.17.6/pad.d.ts": "6c8426bda1b237a26362309fe39ea08fd2a496212e2d3c5cf62058d1aa725718",
    "https://esm.sh/v102/@types/lodash-es@4.17.6/padEnd.d.ts": "e56c79ce70ad69f1811ac976821648e251ae3c12bcbded33b67a3ed24d374877",
    "https://esm.sh/v102/@types/lodash-es@4.17.6/padStart.d.ts": "75a318836ae72d6dff1188173878820666c821a3c67d22141fbbe482688562f0",
    "https://esm.sh/v102/@types/lodash-es@4.17.6/parseInt.d.ts": "7d8f87841594a36bffd8444d0d7da47420da0c2b56fa5691d316bef1094b24e7",
    "https://esm.sh/v102/@types/lodash-es@4.17.6/partial.d.ts": "8ccdf3504df61f1df5dbb9b7e8e9da438254692adc74262b7d07c5333a17b822",
    "https://esm.sh/v102/@types/lodash-es@4.17.6/partialRight.d.ts": "6eac7a29e96552124e8c8ea9e8dbdb5ef43fe2e2adc31da1abfe3abd40237a1e",
    "https://esm.sh/v102/@types/lodash-es@4.17.6/partition.d.ts": "d42ff65980e10dc1682a133e6bb0b6ffe59278ffcfb5b1a437a8515a0c0686b6",
    "https://esm.sh/v102/@types/lodash-es@4.17.6/pick.d.ts": "3fd4b6716183b48703ad1f3d6760160f4a04d2f4012f0efa5a265bf659b8a2e3",
    "https://esm.sh/v102/@types/lodash-es@4.17.6/pickBy.d.ts": "8ccabe8ca396b8e1d045c2435498f74c62e276339daa0987c11478081a47ad7e",
    "https://esm.sh/v102/@types/lodash-es@4.17.6/property.d.ts": "aad4e7f2a18517880de48b38ee6dd2b5455761d1c9cc71cae21bfb6fba490e08",
    "https://esm.sh/v102/@types/lodash-es@4.17.6/propertyOf.d.ts": "fe8e99bb07421b3ec78dd3522d4c3a4bd28d1f1fbb57f30c5770b9bd9be8dd31",
    "https://esm.sh/v102/@types/lodash-es@4.17.6/pull.d.ts": "6868368e4f79e526b439bc475d1dc632482f056bd1c94c0e02ff1c576449ac7e",
    "https://esm.sh/v102/@types/lodash-es@4.17.6/pullAll.d.ts": "033d4f6f97cdf011f58340dec1a0ea396711d5491f44da60e48b2b559ee9cd0d",
    "https://esm.sh/v102/@types/lodash-es@4.17.6/pullAllBy.d.ts": "7a08330532da5c530a1f4272e24ce2d6e96e99eebdb94df90e9ca2c17021d8d8",
    "https://esm.sh/v102/@types/lodash-es@4.17.6/pullAllWith.d.ts": "802423133fc8fd45005100f494a479d13573daac59c9db7378eebbff80222410",
    "https://esm.sh/v102/@types/lodash-es@4.17.6/pullAt.d.ts": "2daab7bcc4f6e591469f4cc861a0cb74156041b8d6a073b4bc4df75409056fc5",
    "https://esm.sh/v102/@types/lodash-es@4.17.6/random.d.ts": "327097362d99c7a2fabeec472234697e77d211ad135ef4ef390e2d5cf80634e0",
    "https://esm.sh/v102/@types/lodash-es@4.17.6/range.d.ts": "59d46b3f03d1dab526717f8e4522882c128382ebc4404e7d028de771d0a80285",
    "https://esm.sh/v102/@types/lodash-es@4.17.6/rangeRight.d.ts": "5ed29e1aee961b8055ab948a9977e06e08367bd288382e61a5701240592d06d4",
    "https://esm.sh/v102/@types/lodash-es@4.17.6/rearg.d.ts": "9e371fafff9283813ec377b4f939e81a1826429ceeaf0637780ac6070db02de1",
    "https://esm.sh/v102/@types/lodash-es@4.17.6/reduce.d.ts": "5fe5e1646a6e13ef4f0a23ac670aa4081e33a4016be5356868357d8583551a0d",
    "https://esm.sh/v102/@types/lodash-es@4.17.6/reduceRight.d.ts": "de4bc4c68f88012627a9ffe4f83925907d15ad473f293c2f538a3ce53740756d",
    "https://esm.sh/v102/@types/lodash-es@4.17.6/reject.d.ts": "b12921663857a5709aed2adc61c682eac0b1ccd4a080ee376da7595b333e4e54",
    "https://esm.sh/v102/@types/lodash-es@4.17.6/remove.d.ts": "44a2a45bb32ca46daec5b4213d43be95891a12664a2b3a037070b656a71c9a76",
    "https://esm.sh/v102/@types/lodash-es@4.17.6/repeat.d.ts": "e9b106d20649081e1b4fb9d2ee250cf81afaba657beee924462a82308f82dd10",
    "https://esm.sh/v102/@types/lodash-es@4.17.6/replace.d.ts": "ad76e7c1b10f0db06138ed3401eb2796df5f2e43ce02fadbe8f319e814bd52a1",
    "https://esm.sh/v102/@types/lodash-es@4.17.6/rest.d.ts": "06334789ca74cfe231456019191ab80922fd195d4a844da1de7683df1476a859",
    "https://esm.sh/v102/@types/lodash-es@4.17.6/result.d.ts": "65072d4c273d4a4ddb76d22fd459ed6f5b8346eb7cb81a3a37fc2a94a7005f8e",
    "https://esm.sh/v102/@types/lodash-es@4.17.6/reverse.d.ts": "c0ba2a9ceb38e6db48b0d20279ff82c7fe0e7cc93cae43e63fd83cb0db578d1f",
    "https://esm.sh/v102/@types/lodash-es@4.17.6/round.d.ts": "9477a6a64c68735e9d9db950cdc342082345e5600af419754c20c78de6de236f",
    "https://esm.sh/v102/@types/lodash-es@4.17.6/sample.d.ts": "ca8108e5cf367e28c7d449836f8b9d839d8bdb7d01415252e85cc9c280586548",
    "https://esm.sh/v102/@types/lodash-es@4.17.6/sampleSize.d.ts": "56b11215f5f893d3898160e4891c14d771a84c1e18c2a47950cdae5d4ed165ec",
    "https://esm.sh/v102/@types/lodash-es@4.17.6/set.d.ts": "4e14e7340e3469bcc318187072ff4a6a182b321f25d45c88d4868ccfd321c2c9",
    "https://esm.sh/v102/@types/lodash-es@4.17.6/setWith.d.ts": "7e1876d60f2fb340b0837dfa3f7025a908835376ca6cae21384bd2138b49634b",
    "https://esm.sh/v102/@types/lodash-es@4.17.6/shuffle.d.ts": "c9393da7b12a2bc3369df087457a2ab28087199f51616b32872d21fee3ef96a6",
    "https://esm.sh/v102/@types/lodash-es@4.17.6/size.d.ts": "75320a279d6c51e756742842d73eadb766e488c5484b87885dbd215103348713",
    "https://esm.sh/v102/@types/lodash-es@4.17.6/slice.d.ts": "11c725e9d8a677f9735e74fdda868059af74059333e1769d29d71a4a6f674c58",
    "https://esm.sh/v102/@types/lodash-es@4.17.6/snakeCase.d.ts": "a2017d069bb2646a39a6cb556a660d15bc0d3f34f331e8ef2455458e34816e00",
    "https://esm.sh/v102/@types/lodash-es@4.17.6/some.d.ts": "ddb2ef844c99d64f217893f2f3d235de9de8d48ee28e2a5173f708994de549fa",
    "https://esm.sh/v102/@types/lodash-es@4.17.6/sortBy.d.ts": "defeb52e3c8a15d4dfe652c91801e87d5f5ffdf20774e3aac33806714632e7dc",
    "https://esm.sh/v102/@types/lodash-es@4.17.6/sortedIndex.d.ts": "71b72231bff11b04618f665d2d640ae08296a214d8506a6a3d457e07145b9ef0",
    "https://esm.sh/v102/@types/lodash-es@4.17.6/sortedIndexBy.d.ts": "ed5de62dcda0eaddb77291f4d9aa0a83ff609b3e6f081c18dbbacea15f682ba8",
    "https://esm.sh/v102/@types/lodash-es@4.17.6/sortedIndexOf.d.ts": "d98e939c44e9745e51d2baa18e0067476ce3beef2109dde7c0015b3af9b4d93a",
    "https://esm.sh/v102/@types/lodash-es@4.17.6/sortedLastIndex.d.ts": "efa89aea69cc1567274d4e8963fae0d10be4cf227d1b3d93eeb95fde4f85cc85",
    "https://esm.sh/v102/@types/lodash-es@4.17.6/sortedLastIndexBy.d.ts": "0f5718234921d5329717e21cbb0bc922d962069223d8f34929feb8e3d33cbde8",
    "https://esm.sh/v102/@types/lodash-es@4.17.6/sortedLastIndexOf.d.ts": "53d7155a18a4c00aaa3b9e9dd0f04af0cd9df4d88152e85df98309487f72e2b8",
    "https://esm.sh/v102/@types/lodash-es@4.17.6/sortedUniq.d.ts": "c1772310b77a2c17f5fa3f197c688fd9b0b1b96a662f76879dfdc1eaf357d536",
    "https://esm.sh/v102/@types/lodash-es@4.17.6/sortedUniqBy.d.ts": "a611ce4fe9794f19ee8a3b4ad4115c9ef19d38104359f0aaef2c43af8f1b2198",
    "https://esm.sh/v102/@types/lodash-es@4.17.6/split.d.ts": "518909a023e1a5569abd66515ad20c3e12e8ade5ed434e43b1fab023aba1aa8a",
    "https://esm.sh/v102/@types/lodash-es@4.17.6/spread.d.ts": "8706d60adef75479fb66aa6e1bc0ed340c2806a396e7e5b87d99626f3cc65b5d",
    "https://esm.sh/v102/@types/lodash-es@4.17.6/startCase.d.ts": "5c852bc18b6f3e3c8fb6ade31e8afb9410c74802ca9b15b03252c81870748497",
    "https://esm.sh/v102/@types/lodash-es@4.17.6/startsWith.d.ts": "249f6a9e0679e32ff18b7701407577a6f5288da0ce0764418d539df2700df0fc",
    "https://esm.sh/v102/@types/lodash-es@4.17.6/stubArray.d.ts": "9290059008c0a987fa1ca6e69bc1f0e0de55fd22ecea1c105aff9b450afcb186",
    "https://esm.sh/v102/@types/lodash-es@4.17.6/stubFalse.d.ts": "631837af84cfd705a6e576b784ba53266461bad4f0b46ac917e94019d3463df4",
    "https://esm.sh/v102/@types/lodash-es@4.17.6/stubObject.d.ts": "d7b432c4e1759d5a1bcbbab9e627a44249f51bad5d033a0609c833200d5d2e10",
    "https://esm.sh/v102/@types/lodash-es@4.17.6/stubString.d.ts": "70489621a37325f5dc7585fa90d096684b4468e2ceea7768bddabacb7b7ece19",
    "https://esm.sh/v102/@types/lodash-es@4.17.6/stubTrue.d.ts": "fef164bacd3021b78a374666e92fb99596e00e9e0134233c41a52f23df84f56b",
    "https://esm.sh/v102/@types/lodash-es@4.17.6/subtract.d.ts": "ba9d765ac03d074c4db0a833c045cd98095831775a276bd72e1ed7e5afb3ce98",
    "https://esm.sh/v102/@types/lodash-es@4.17.6/sum.d.ts": "a8d2ac250f1d45a59e0a48415c571ed31543e901e1a9b568a69933b8ed96aa7d",
    "https://esm.sh/v102/@types/lodash-es@4.17.6/sumBy.d.ts": "9e1558bc81127732a5974431f7c0773387616660cbbca2afd18eefb9688631e8",
    "https://esm.sh/v102/@types/lodash-es@4.17.6/tail.d.ts": "0301e041adb109769f1f50d868c8f42f3773b88fcf89a186f8df6ca27d3ddb6a",
    "https://esm.sh/v102/@types/lodash-es@4.17.6/take.d.ts": "09f34bc6bb508bf211e3b6f3a77001ecd3bee44993b61a8186bcac64e7594da1",
    "https://esm.sh/v102/@types/lodash-es@4.17.6/takeRight.d.ts": "ea3cad90b0bf6ddcbc6a24cfe0c0f0b5158c0f4c67f7c9a9aedf246305156e17",
    "https://esm.sh/v102/@types/lodash-es@4.17.6/takeRightWhile.d.ts": "dfceadb8b83fed9c6a6f5a15611940a56f16e153add435c8391ae3d7b8922cc3",
    "https://esm.sh/v102/@types/lodash-es@4.17.6/takeWhile.d.ts": "ed1358771937a4002aff41a946b109c92f0bdba21206649bc4a6f6c7d0c10da2",
    "https://esm.sh/v102/@types/lodash-es@4.17.6/tap.d.ts": "7436e6e625a3afd74a635547908b702f27d847979d9ec25199a0cbe8571b3bbe",
    "https://esm.sh/v102/@types/lodash-es@4.17.6/template.d.ts": "a2698ac3380479cd7c19237146cc746a774b4ca15b390bbd18d8a2e8ba5576ca",
    "https://esm.sh/v102/@types/lodash-es@4.17.6/templateSettings.d.ts": "1bf0164031be312074ceddbda5f8de8ca838c408d7d98bdfa37a2468691f92be",
    "https://esm.sh/v102/@types/lodash-es@4.17.6/throttle.d.ts": "563c852cc9098a53442e6cd8b16f38f9b9c721baaf0011bbec601d75d2e7f0d0",
    "https://esm.sh/v102/@types/lodash-es@4.17.6/times.d.ts": "64fbe7001b292a6429f91e8dd8a5c9cd62569b539875a61d9f55adb0579daf40",
    "https://esm.sh/v102/@types/lodash-es@4.17.6/toArray.d.ts": "23b4cfc5fb6a41ebd87d52d423cf02972b1331937e73cadc61ef13818ea08c6a",
    "https://esm.sh/v102/@types/lodash-es@4.17.6/toFinite.d.ts": "7777d0c4e6137f74b930a7beb32b1caaf73bad634b7415e7763e192a181f019b",
    "https://esm.sh/v102/@types/lodash-es@4.17.6/toInteger.d.ts": "7a7a9ab2610d09e692acc570bf263f9bec4bb8536257a46a7c87d9b308369652",
    "https://esm.sh/v102/@types/lodash-es@4.17.6/toLength.d.ts": "c1bdde0e3f6774a917a96a0913e6674ce650401be99340dfbcbe97dd98a7dc56",
    "https://esm.sh/v102/@types/lodash-es@4.17.6/toLower.d.ts": "f028e74dfb3e4d1942535cf6e4307faba4ff861f08f214e3deb499a1bbc0daee",
    "https://esm.sh/v102/@types/lodash-es@4.17.6/toNumber.d.ts": "2f1c07dd211d2e397fdcefee364fc6a4b6690e5122652f54e3e9ceeaf014a457",
    "https://esm.sh/v102/@types/lodash-es@4.17.6/toPairs.d.ts": "ea433da6c77d38e3ddd281e795fa2ed2855860661022cf4a63a8f8bf134daade",
    "https://esm.sh/v102/@types/lodash-es@4.17.6/toPairsIn.d.ts": "9ee066824c187373fc6e5f4c67c5ecd93e8c1fb7b691a19cda8ea1ce0dc8c7f2",
    "https://esm.sh/v102/@types/lodash-es@4.17.6/toPath.d.ts": "4a6751cbfeaad5305eed2fa2e2a822cd2508835830fe04b0d1cf02ebf8ded840",
    "https://esm.sh/v102/@types/lodash-es@4.17.6/toPlainObject.d.ts": "15671fba8817a29092a64eceec6f21f0877e4da85a9938d4e8de05b1b11d5c0b",
    "https://esm.sh/v102/@types/lodash-es@4.17.6/toSafeInteger.d.ts": "0181582a8ac055f311c4f2ce431dfffca17c1c80c9e2604bc18ba3e5190316f2",
    "https://esm.sh/v102/@types/lodash-es@4.17.6/toString.d.ts": "4589361466c03553e8a751b2030543e13b77fdf850cf738931291a5105b32c38",
    "https://esm.sh/v102/@types/lodash-es@4.17.6/toUpper.d.ts": "b73918507775c9386f6c3493b8d3119867dfdf6b96e29be2d9c351cc67f5ac63",
    "https://esm.sh/v102/@types/lodash-es@4.17.6/transform.d.ts": "ceed985db4f99c8f778452abbb8af50c2efe4fef30869635a2f0c2db9dc53326",
    "https://esm.sh/v102/@types/lodash-es@4.17.6/trim.d.ts": "34e4f3b052f318ca4179336b32fce022e363fef0b3b033b1b4b97c7d8f86da70",
    "https://esm.sh/v102/@types/lodash-es@4.17.6/trimEnd.d.ts": "1b219293eba684dc5be0a1a022a71784fb6778b281ed2ec871603eadbb19efa8",
    "https://esm.sh/v102/@types/lodash-es@4.17.6/trimStart.d.ts": "79077b816030fb6267ef6bcbd696a8bfda877fd56b364389672e710177f5ac66",
    "https://esm.sh/v102/@types/lodash-es@4.17.6/truncate.d.ts": "8d090599aaed270e3097501dceae28e7cef1ba87eae8c70412fcd5774ead6edf",
    "https://esm.sh/v102/@types/lodash-es@4.17.6/unary.d.ts": "1c7bca83cf69aad8db5061176854e0582e08622c426f67151da5fd52ca9a3db5",
    "https://esm.sh/v102/@types/lodash-es@4.17.6/unescape.d.ts": "3dcd03368a26c94b51fd78ec2a1e04720c2aa54bc40d31e7c5fab241058d2fd5",
    "https://esm.sh/v102/@types/lodash-es@4.17.6/union.d.ts": "037dbe0f2c7c500837bb563ba12d205eb35fbcfafc43fff4c22ef833479fdff0",
    "https://esm.sh/v102/@types/lodash-es@4.17.6/unionBy.d.ts": "eb009db5beff157c553f3830c517a5b2dea1c4d6f3f4e765a95bc666f46b9d39",
    "https://esm.sh/v102/@types/lodash-es@4.17.6/unionWith.d.ts": "639e1039b567279bd64f79dff08b176d28b6fe64a434806f9f973625d66b1d5f",
    "https://esm.sh/v102/@types/lodash-es@4.17.6/uniq.d.ts": "c65f56f1052c85ccb67057eae3a2623965cd8ed423e5406ce75ca3650b99a857",
    "https://esm.sh/v102/@types/lodash-es@4.17.6/uniqBy.d.ts": "b64f041d90769ddaf4801055ec8c34533f776a1c422ef4fa4012d94112bf7853",
    "https://esm.sh/v102/@types/lodash-es@4.17.6/uniqWith.d.ts": "ca8ef79699fb3b70e89fb3757ac1a87193dc889971aafc6c504f9f26c0a4a41c",
    "https://esm.sh/v102/@types/lodash-es@4.17.6/uniqueId.d.ts": "71987e665c1f5ff28a8d0569957335504496412e317c785425ddef6248579921",
    "https://esm.sh/v102/@types/lodash-es@4.17.6/unset.d.ts": "87af22d4e791fc13880c50a887b8ac4ae896dc63ad133a28899dda1fe10ec842",
    "https://esm.sh/v102/@types/lodash-es@4.17.6/unzip.d.ts": "48ad79845e519b6d36b9e0eb50c0bef0e519e631071ec41808707150789ee946",
    "https://esm.sh/v102/@types/lodash-es@4.17.6/unzipWith.d.ts": "55ad2488a597f4037aa4dea66227c262d63edd74c733cc18ec5c187cdee0a734",
    "https://esm.sh/v102/@types/lodash-es@4.17.6/update.d.ts": "c8b2cec2be522509b14cb5e2f8bb3333b1aa8f205865ad905c63d5ae23e47a3a",
    "https://esm.sh/v102/@types/lodash-es@4.17.6/updateWith.d.ts": "cc1cd4999ba900dc00609525162a121f02529cf4c253d5654fc8cf2877d5e10c",
    "https://esm.sh/v102/@types/lodash-es@4.17.6/upperCase.d.ts": "efbfb7a4ed5bd3b5a20c1b8fec151026b0b4a8746e69c7532e03f096b77d075b",
    "https://esm.sh/v102/@types/lodash-es@4.17.6/upperFirst.d.ts": "50db649f9cfaeb82d02058b0fdc78ff83b3a00c87af6930c6f4a0df09843c1b6",
    "https://esm.sh/v102/@types/lodash-es@4.17.6/values.d.ts": "fdafe0540af8997822aaf9b32e59d2fc750d7277005e3964f080c354cba2fdee",
    "https://esm.sh/v102/@types/lodash-es@4.17.6/valuesIn.d.ts": "b042d2585bf6cbdcfdd40ee3ce40aedd9178ba21559dc87bb6969b0dfe65cb82",
    "https://esm.sh/v102/@types/lodash-es@4.17.6/without.d.ts": "495095398312c6f8f3faff613d12e7225ac84b602bc4d7d03e3f94d3735eb9f6",
    "https://esm.sh/v102/@types/lodash-es@4.17.6/words.d.ts": "e8aa409221b43e4cee0fa5c67f93c6a5f9c9b175fe66c62224fed65f10984ebb",
    "https://esm.sh/v102/@types/lodash-es@4.17.6/wrap.d.ts": "bf58e5f8071a58274c4ccb95361ff1e85288b15f1007d6930484bbb51cc789d9",
    "https://esm.sh/v102/@types/lodash-es@4.17.6/xor.d.ts": "66bdc04580f8759fd8c2cb00f0a91a86dbaeeab50a2e685e24bd2665e3043c0f",
    "https://esm.sh/v102/@types/lodash-es@4.17.6/xorBy.d.ts": "9f4b496b91971eb8c6b1e116a27f20d141baa41764c7655db7e69c5b9af95917",
    "https://esm.sh/v102/@types/lodash-es@4.17.6/xorWith.d.ts": "53613d724a5efc3ef5e55f268d5f5e2ae06810448350d564055c4e2a574551a0",
    "https://esm.sh/v102/@types/lodash-es@4.17.6/zip.d.ts": "c59e3eb068ed151c73d87982e7c837f781d265a17f48558d73aac983a391fc76",
    "https://esm.sh/v102/@types/lodash-es@4.17.6/zipObject.d.ts": "eb405abd0f59ba647578336dbc4a02234aab7cd1ac97d1e26a44115fec75dd11",
    "https://esm.sh/v102/@types/lodash-es@4.17.6/zipObjectDeep.d.ts": "f5de82f35ea18b7528f6bf48a8fa9b5814cb271b483a155b468b68d16d1d3ece",
    "https://esm.sh/v102/@types/lodash-es@4.17.6/zipWith.d.ts": "4bffdc47c255dd88027e6fcfe129694cf641f4199794495d5cff57f9ad854f9c",
    "https://esm.sh/v102/@types/lodash@4.14.191/common/array.d.ts": "458111fc89d11d2151277c822dfdc1a28fa5b6b2493cf942e37d4cd0a6ee5f22",
    "https://esm.sh/v102/@types/lodash@4.14.191/common/collection.d.ts": "d70c026dd2eeaa974f430ea229230a1897fdb897dc74659deebe2afd4feeb08f",
    "https://esm.sh/v102/@types/lodash@4.14.191/common/common.d.ts": "675e702f2032766a91eeadee64f51014c64688525da99dccd8178f0c599f13a8",
    "https://esm.sh/v102/@types/lodash@4.14.191/common/date.d.ts": "187119ff4f9553676a884e296089e131e8cc01691c546273b1d0089c3533ce42",
    "https://esm.sh/v102/@types/lodash@4.14.191/common/function.d.ts": "febf0b2de54781102b00f61653b21377390a048fbf5262718c91860d11ff34a6",
    "https://esm.sh/v102/@types/lodash@4.14.191/common/lang.d.ts": "98f9d826db9cd99d27a01a59ee5f22863df00ccf1aaf43e1d7db80ebf716f7c3",
    "https://esm.sh/v102/@types/lodash@4.14.191/common/math.d.ts": "0aaef8cded245bf5036a7a40b65622dd6c4da71f7a35343112edbe112b348a1e",
    "https://esm.sh/v102/@types/lodash@4.14.191/common/number.d.ts": "00baffbe8a2f2e4875367479489b5d43b5fc1429ecb4a4cc98cfc3009095f52a",
    "https://esm.sh/v102/@types/lodash@4.14.191/common/object.d.ts": "dcd91d3b697cb650b95db5471189b99815af5db2a1cd28760f91e0b12ede8ed5",
    "https://esm.sh/v102/@types/lodash@4.14.191/common/seq.d.ts": "3c92b6dfd43cc1c2485d9eba5ff0b74a19bb8725b692773ef1d66dac48cda4bd",
    "https://esm.sh/v102/@types/lodash@4.14.191/common/string.d.ts": "3cf0d343c2276842a5b617f22ba82af6322c7cfe8bb52238ffc0c491a3c21019",
    "https://esm.sh/v102/@types/lodash@4.14.191/common/util.d.ts": "df996e25faa505f85aeb294d15ebe61b399cf1d1e49959cdfaf2cc0815c203f9",
    "https://esm.sh/v102/@types/lodash@4.14.191/index.d.ts": "f2eff8704452659641164876c1ef0df4174659ce7311b0665798ea3f556fa9ad",
    "https://esm.sh/v102/@types/lodash@4.14.191/index~.d.ts": "f2eff8704452659641164876c1ef0df4174659ce7311b0665798ea3f556fa9ad",
    "https://esm.sh/v102/lodash-es@4.17.21": "cb855d94d03d812aa283a8d9bd28df3ca880003ab17df902e5a1210942938149",
    "https://esm.sh/v102/lodash-es@4.17.21/deno/lodash-es.js": "50ac68cca0bc07327e44df1c8bee33e2cc0595bd2e677f7174c25c3fadc79c31",
    "https://esm.sh/v102/lodash@4.17.21": "fb58ba95f4b1bffaa3167c35feb823c3002ae0d0bc610fe62d3633fabe4789af",
    "https://esm.sh/v102/lodash@4.17.21/deno/lodash.js": "a742408adf3cb75c785c64695456705aaafb0b9de843c14028f9bbcefbecf4fb"
  }
}
